
Microsoft Visual Studio Solution File, Format Version 12.00
# Visual Studio Version 16
VisualStudioVersion = 16.0.31515.178
MinimumVisualStudioVersion = 10.0.40219.1
Project("{8BC9CEB8-8B4A-11D0-8D11-00A0C91BC942}") = "part-y", "part-y.vcxproj", "{9895B479-59C2-426C-9092-3B2312026723}"
EndProject
Global
	GlobalSection(SolutionConfigurationPlatforms) = preSolution
		Debug|x64 = Debug|x64
		Release|x64 = Release|x64
	EndGlobalSection
	GlobalSection(ProjectConfigurationPlatforms) = postSolution
		{9895B479-59C2-426C-9092-3B2312026723}.Debug|x64.ActiveCfg = Debug|x64
		{9895B479-59C2-426C-9092-3B2312026723}.Debug|x64.Build.0 = Debug|x64
		{9895B479-59C2-426C-9092-3B2312026723}.Release|x64.ActiveCfg = Release|x64
		{9895B479-59C2-426C-9092-3B2312026723}.Release|x64.Build.0 = Release|x64
	EndGlobalSection
	GlobalSection(SolutionProperties) = preSolution
		HideSolutionNode = FALSE
	EndGlobalSection
	GlobalSection(ExtensibilityGlobals) = postSolution
		SolutionGuid = {A238DDF5-28F3-4970-858F-A1263283124F}
	EndGlobalSection
EndGlobal
